
Microsoft Visual Studio Solution File, Format Version 10.00
# Visual Studio 2008
Project("{FAE04EC0-301F-11D3-BF4B-00C04F79EFBC}") = "CrestronInfluxDB", "CrestronInfluxDB\CrestronInfluxDB.csproj", "{4BDF8E17-92E9-454E-ACFC-D8DDBFD31E29}"
EndProject
Global
	GlobalSection(SolutionConfigurationPlatforms) = preSolution
		Debug|Any CPU = Debug|Any CPU
		Release|Any CPU = Release|Any CPU
	EndGlobalSection
	GlobalSection(ProjectConfigurationPlatforms) = postSolution
		{4BDF8E17-92E9-454E-ACFC-D8DDBFD31E29}.Debug|Any CPU.ActiveCfg = Debug|Any CPU
		{4BDF8E17-92E9-454E-ACFC-D8DDBFD31E29}.Debug|Any CPU.Build.0 = Debug|Any CPU
		{4BDF8E17-92E9-454E-ACFC-D8DDBFD31E29}.Release|Any CPU.ActiveCfg = Release|Any CPU
		{4BDF8E17-92E9-454E-ACFC-D8DDBFD31E29}.Release|Any CPU.Build.0 = Release|Any CPU
	EndGlobalSection
	GlobalSection(SolutionProperties) = preSolution
		HideSolutionNode = FALSE
	EndGlobalSection
EndGlobal
